
Microsoft Visual Studio Solution File, Format Version 12.00
# Visual Studio Version 17
VisualStudioVersion = 17.4.33213.308
MinimumVisualStudioVersion = 10.0.40219.1
Project("{FAE04EC0-301F-11D3-BF4B-00C04F79EFBC}") = "demoMVC", "demoMVC\demoMVC.csproj", "{79E885BE-8094-4FCF-BDA0-4BC78AA72A4C}"
EndProject
Project("{FAE04EC0-301F-11D3-BF4B-00C04F79EFBC}") = "demoMVC.Entity", "demoMVC.Entity\demoMVC.Entity.csproj", "{89CC9201-0120-425E-BD1B-AF4060217F02}"
EndProject
Project("{FAE04EC0-301F-11D3-BF4B-00C04F79EFBC}") = "demoMVC.Repositories", "demoMVC.Repositories\demoMVC.Repositories.csproj", "{FD358B96-04F1-407C-B499-2F9D389B3F5C}"
EndProject
Global
	GlobalSection(SolutionConfigurationPlatforms) = preSolution
		Debug|Any CPU = Debug|Any CPU
		Release|Any CPU = Release|Any CPU
	EndGlobalSection
	GlobalSection(ProjectConfigurationPlatforms) = postSolution
		{79E885BE-8094-4FCF-BDA0-4BC78AA72A4C}.Debug|Any CPU.ActiveCfg = Debug|Any CPU
		{79E885BE-8094-4FCF-BDA0-4BC78AA72A4C}.Debug|Any CPU.Build.0 = Debug|Any CPU
		{79E885BE-8094-4FCF-BDA0-4BC78AA72A4C}.Release|Any CPU.ActiveCfg = Release|Any CPU
		{79E885BE-8094-4FCF-BDA0-4BC78AA72A4C}.Release|Any CPU.Build.0 = Release|Any CPU
		{89CC9201-0120-425E-BD1B-AF4060217F02}.Debug|Any CPU.ActiveCfg = Debug|Any CPU
		{89CC9201-0120-425E-BD1B-AF4060217F02}.Debug|Any CPU.Build.0 = Debug|Any CPU
		{89CC9201-0120-425E-BD1B-AF4060217F02}.Release|Any CPU.ActiveCfg = Release|Any CPU
		{89CC9201-0120-425E-BD1B-AF4060217F02}.Release|Any CPU.Build.0 = Release|Any CPU
		{FD358B96-04F1-407C-B499-2F9D389B3F5C}.Debug|Any CPU.ActiveCfg = Debug|Any CPU
		{FD358B96-04F1-407C-B499-2F9D389B3F5C}.Debug|Any CPU.Build.0 = Debug|Any CPU
		{FD358B96-04F1-407C-B499-2F9D389B3F5C}.Release|Any CPU.ActiveCfg = Release|Any CPU
		{FD358B96-04F1-407C-B499-2F9D389B3F5C}.Release|Any CPU.Build.0 = Release|Any CPU
	EndGlobalSection
	GlobalSection(SolutionProperties) = preSolution
		HideSolutionNode = FALSE
	EndGlobalSection
	GlobalSection(ExtensibilityGlobals) = postSolution
		SolutionGuid = {AB8E1C27-6F34-4ACF-8A6A-F4265AA7CE6A}
	EndGlobalSection
EndGlobal
