
Microsoft Visual Studio Solution File, Format Version 12.00
# Visual Studio Version 17
VisualStudioVersion = 17.4.33213.308
MinimumVisualStudioVersion = 10.0.40219.1
Project("{9A19103F-16F7-4668-BE54-9A1E7A4F7556}") = "CI Application", "CI Application\CI Application.csproj", "{52E1948A-BD70-4DD7-95E7-C8C3ED568FEC}"
EndProject
Project("{9A19103F-16F7-4668-BE54-9A1E7A4F7556}") = "CI Application.Entities", "CI Application.Entities\CI Application.Entities.csproj", "{F8591DBF-495B-48BB-A3D4-0624511AE5E5}"
EndProject
Project("{2150E333-8FDC-42A3-9474-1A3956D46DE8}") = "Solution Items", "Solution Items", "{6C291AEE-E9CF-4AB8-BFD4-E73C9A7E986F}"
	ProjectSection(SolutionItems) = preProject
		.editorconfig = .editorconfig
	EndProjectSection
EndProject
Global
	GlobalSection(SolutionConfigurationPlatforms) = preSolution
		Debug|Any CPU = Debug|Any CPU
		Release|Any CPU = Release|Any CPU
	EndGlobalSection
	GlobalSection(ProjectConfigurationPlatforms) = postSolution
		{52E1948A-BD70-4DD7-95E7-C8C3ED568FEC}.Debug|Any CPU.ActiveCfg = Debug|Any CPU
		{52E1948A-BD70-4DD7-95E7-C8C3ED568FEC}.Debug|Any CPU.Build.0 = Debug|Any CPU
		{52E1948A-BD70-4DD7-95E7-C8C3ED568FEC}.Release|Any CPU.ActiveCfg = Release|Any CPU
		{52E1948A-BD70-4DD7-95E7-C8C3ED568FEC}.Release|Any CPU.Build.0 = Release|Any CPU
		{F8591DBF-495B-48BB-A3D4-0624511AE5E5}.Debug|Any CPU.ActiveCfg = Debug|Any CPU
		{F8591DBF-495B-48BB-A3D4-0624511AE5E5}.Debug|Any CPU.Build.0 = Debug|Any CPU
		{F8591DBF-495B-48BB-A3D4-0624511AE5E5}.Release|Any CPU.ActiveCfg = Release|Any CPU
		{F8591DBF-495B-48BB-A3D4-0624511AE5E5}.Release|Any CPU.Build.0 = Release|Any CPU
	EndGlobalSection
	GlobalSection(SolutionProperties) = preSolution
		HideSolutionNode = FALSE
	EndGlobalSection
	GlobalSection(ExtensibilityGlobals) = postSolution
		SolutionGuid = {38B31F4C-4D0F-40B5-BF1E-492B853B202E}
	EndGlobalSection
EndGlobal
